// !$*UTF8*$!
{
	archiveVersion = 1;
	classes = {
	};
	objectVersion = 56;
	objects = {

/* Begin PBXBuildFile section */
		087346112C0AAD2900534FFA /* AppDelegate.swift in Sources */ = {isa = PBXBuildFile; fileRef = 087346102C0AAD2900534FFA /* AppDelegate.swift */; };
		087346132C0AAD2900534FFA /* SceneDelegate.swift in Sources */ = {isa = PBXBuildFile; fileRef = 087346122C0AAD2900534FFA /* SceneDelegate.swift */; };
		087346152C0AAD2900534FFA /* ViewController.swift in Sources */ = {isa = PBXBuildFile; fileRef = 087346142C0AAD2900534FFA /* ViewController.swift */; };
		0873461A2C0AAD2B00534FFA /* Assets.xcassets in Resources */ = {isa = PBXBuildFile; fileRef = 087346192C0AAD2B00534FFA /* Assets.xcassets */; };
		0873461D2C0AAD2B00534FFA /* LaunchScreen.storyboard in Resources */ = {isa = PBXBuildFile; fileRef = 0873461B2C0AAD2B00534FFA /* LaunchScreen.storyboard */; };
		087346322C0AAD2B00534FFA /* PopPoolUITests.swift in Sources */ = {isa = PBXBuildFile; fileRef = 087346312C0AAD2B00534FFA /* PopPoolUITests.swift */; };
		087346342C0AAD2B00534FFA /* PopPoolUITestsLaunchTests.swift in Sources */ = {isa = PBXBuildFile; fileRef = 087346332C0AAD2B00534FFA /* PopPoolUITestsLaunchTests.swift */; };
		087346452C0AAF1F00534FFA /* SnapKit in Frameworks */ = {isa = PBXBuildFile; productRef = 087346442C0AAF1F00534FFA /* SnapKit */; };
		087346482C0AAF7000534FFA /* RxCocoa in Frameworks */ = {isa = PBXBuildFile; productRef = 087346472C0AAF7000534FFA /* RxCocoa */; };
		0873464A2C0AAF7000534FFA /* RxRelay in Frameworks */ = {isa = PBXBuildFile; productRef = 087346492C0AAF7000534FFA /* RxRelay */; };
		0873464C2C0AAF7000534FFA /* RxSwift in Frameworks */ = {isa = PBXBuildFile; productRef = 0873464B2C0AAF7000534FFA /* RxSwift */; };
		0873464E2C0AB1CA00534FFA /* ViewControllerViewModel.swift in Sources */ = {isa = PBXBuildFile; fileRef = 0873464D2C0AB1CA00534FFA /* ViewControllerViewModel.swift */; };
		087346522C0ABC4B00534FFA /* ViewModel.swift in Sources */ = {isa = PBXBuildFile; fileRef = 087346512C0ABC4B00534FFA /* ViewModel.swift */; };
		BD6368082C0CBEFE00891A1B /* PopPoolTests.swift in Sources */ = {isa = PBXBuildFile; fileRef = BD6368072C0CBEFE00891A1B /* PopPoolTests.swift */; };
		BDD3351A2C0B3AF1002C2295 /* NetworkError.swift in Sources */ = {isa = PBXBuildFile; fileRef = BDD335192C0B3AF1002C2295 /* NetworkError.swift */; };
		BDD335202C0B6ACA002C2295 /* EndPoint.swift in Sources */ = {isa = PBXBuildFile; fileRef = BDD3351F2C0B6ACA002C2295 /* EndPoint.swift */; };
		BDF3B2AA2C0BE23D00B079C5 /* Requestable.swift in Sources */ = {isa = PBXBuildFile; fileRef = BDF3B2A92C0BE23D00B079C5 /* Requestable.swift */; };
		BDF3B2AC2C0BE68900B079C5 /* URLSessionable.swift in Sources */ = {isa = PBXBuildFile; fileRef = BDF3B2AB2C0BE68900B079C5 /* URLSessionable.swift */; };
		BDF3B2AE2C0BE69700B079C5 /* Provider.swift in Sources */ = {isa = PBXBuildFile; fileRef = BDF3B2AD2C0BE69700B079C5 /* Provider.swift */; };
		BDF3B2B22C0BF6B300B079C5 /* APIEndpoint.swift in Sources */ = {isa = PBXBuildFile; fileRef = BDF3B2B12C0BF6B300B079C5 /* APIEndpoint.swift */; };
		BDF3B2B42C0BF7B800B079C5 /* TestRequestDTO.swift in Sources */ = {isa = PBXBuildFile; fileRef = BDF3B2B32C0BF7B800B079C5 /* TestRequestDTO.swift */; };
		BDF3B2B62C0BF81600B079C5 /* TestResponseDTO.swift in Sources */ = {isa = PBXBuildFile; fileRef = BDF3B2B52C0BF81600B079C5 /* TestResponseDTO.swift */; };
		BDF3B2C12C0C318E00B079C5 /* Responsable.swift in Sources */ = {isa = PBXBuildFile; fileRef = BDF3B2C02C0C318E00B079C5 /* Responsable.swift */; };
		BDF3B2C42C0C436400B079C5 /* MockUrlSession.swift in Sources */ = {isa = PBXBuildFile; fileRef = BDF3B2C32C0C436400B079C5 /* MockUrlSession.swift */; };
		087346562C0AEBD900534FFA /* AppDIContainer.swift in Sources */ = {isa = PBXBuildFile; fileRef = 087346552C0AEBD900534FFA /* AppDIContainer.swift */; };
		087346572C0AED3400534FFA /* AppDIContainer.swift in Sources */ = {isa = PBXBuildFile; fileRef = 087346552C0AEBD900534FFA /* AppDIContainer.swift */; };
		0873465A2C0AED6C00534FFA /* AppDIContainerTest.swift in Sources */ = {isa = PBXBuildFile; fileRef = 087346592C0AED6C00534FFA /* AppDIContainerTest.swift */; };
		0873465B2C0AEFCF00534FFA /* AppDelegate.swift in Sources */ = {isa = PBXBuildFile; fileRef = 087346102C0AAD2900534FFA /* AppDelegate.swift */; };
/* End PBXBuildFile section */

/* Begin PBXContainerItemProxy section */
		087346242C0AAD2B00534FFA /* PBXContainerItemProxy */ = {
			isa = PBXContainerItemProxy;
			containerPortal = 087346052C0AAD2800534FFA /* Project object */;
			proxyType = 1;
			remoteGlobalIDString = 0873460C2C0AAD2900534FFA;
			remoteInfo = PopPool;
		};
		0873462E2C0AAD2B00534FFA /* PBXContainerItemProxy */ = {
			isa = PBXContainerItemProxy;
			containerPortal = 087346052C0AAD2800534FFA /* Project object */;
			proxyType = 1;
			remoteGlobalIDString = 0873460C2C0AAD2900534FFA;
			remoteInfo = PopPool;
		};
/* End PBXContainerItemProxy section */

/* Begin PBXFileReference section */
		0873460D2C0AAD2900534FFA /* PopPool.app */ = {isa = PBXFileReference; explicitFileType = wrapper.application; includeInIndex = 0; path = PopPool.app; sourceTree = BUILT_PRODUCTS_DIR; };
		087346102C0AAD2900534FFA /* AppDelegate.swift */ = {isa = PBXFileReference; lastKnownFileType = sourcecode.swift; path = AppDelegate.swift; sourceTree = "<group>"; };
		087346122C0AAD2900534FFA /* SceneDelegate.swift */ = {isa = PBXFileReference; lastKnownFileType = sourcecode.swift; path = SceneDelegate.swift; sourceTree = "<group>"; };
		087346142C0AAD2900534FFA /* ViewController.swift */ = {isa = PBXFileReference; lastKnownFileType = sourcecode.swift; path = ViewController.swift; sourceTree = "<group>"; };
		087346192C0AAD2B00534FFA /* Assets.xcassets */ = {isa = PBXFileReference; lastKnownFileType = folder.assetcatalog; path = Assets.xcassets; sourceTree = "<group>"; };
		0873461C2C0AAD2B00534FFA /* Base */ = {isa = PBXFileReference; lastKnownFileType = file.storyboard; name = Base; path = Base.lproj/LaunchScreen.storyboard; sourceTree = "<group>"; };
		0873461E2C0AAD2B00534FFA /* Info.plist */ = {isa = PBXFileReference; lastKnownFileType = text.plist.xml; path = Info.plist; sourceTree = "<group>"; };
		087346232C0AAD2B00534FFA /* PopPoolTests.xctest */ = {isa = PBXFileReference; explicitFileType = wrapper.cfbundle; includeInIndex = 0; path = PopPoolTests.xctest; sourceTree = BUILT_PRODUCTS_DIR; };
		0873462D2C0AAD2B00534FFA /* PopPoolUITests.xctest */ = {isa = PBXFileReference; explicitFileType = wrapper.cfbundle; includeInIndex = 0; path = PopPoolUITests.xctest; sourceTree = BUILT_PRODUCTS_DIR; };
		087346312C0AAD2B00534FFA /* PopPoolUITests.swift */ = {isa = PBXFileReference; lastKnownFileType = sourcecode.swift; path = PopPoolUITests.swift; sourceTree = "<group>"; };
		087346332C0AAD2B00534FFA /* PopPoolUITestsLaunchTests.swift */ = {isa = PBXFileReference; lastKnownFileType = sourcecode.swift; path = PopPoolUITestsLaunchTests.swift; sourceTree = "<group>"; };
		0873464D2C0AB1CA00534FFA /* ViewControllerViewModel.swift */ = {isa = PBXFileReference; lastKnownFileType = sourcecode.swift; path = ViewControllerViewModel.swift; sourceTree = "<group>"; };
		087346512C0ABC4B00534FFA /* ViewModel.swift */ = {isa = PBXFileReference; lastKnownFileType = sourcecode.swift; path = ViewModel.swift; sourceTree = "<group>"; };
		BD6368072C0CBEFE00891A1B /* PopPoolTests.swift */ = {isa = PBXFileReference; lastKnownFileType = sourcecode.swift; path = PopPoolTests.swift; sourceTree = "<group>"; };
		BDD335192C0B3AF1002C2295 /* NetworkError.swift */ = {isa = PBXFileReference; lastKnownFileType = sourcecode.swift; path = NetworkError.swift; sourceTree = "<group>"; };
		BDD3351F2C0B6ACA002C2295 /* EndPoint.swift */ = {isa = PBXFileReference; lastKnownFileType = sourcecode.swift; path = EndPoint.swift; sourceTree = "<group>"; };
		BDF3B2A92C0BE23D00B079C5 /* Requestable.swift */ = {isa = PBXFileReference; lastKnownFileType = sourcecode.swift; path = Requestable.swift; sourceTree = "<group>"; };
		BDF3B2AB2C0BE68900B079C5 /* URLSessionable.swift */ = {isa = PBXFileReference; lastKnownFileType = sourcecode.swift; path = URLSessionable.swift; sourceTree = "<group>"; };
		BDF3B2AD2C0BE69700B079C5 /* Provider.swift */ = {isa = PBXFileReference; lastKnownFileType = sourcecode.swift; path = Provider.swift; sourceTree = "<group>"; };
		BDF3B2B12C0BF6B300B079C5 /* APIEndpoint.swift */ = {isa = PBXFileReference; lastKnownFileType = sourcecode.swift; path = APIEndpoint.swift; sourceTree = "<group>"; };
		BDF3B2B32C0BF7B800B079C5 /* TestRequestDTO.swift */ = {isa = PBXFileReference; lastKnownFileType = sourcecode.swift; path = TestRequestDTO.swift; sourceTree = "<group>"; };
		BDF3B2B52C0BF81600B079C5 /* TestResponseDTO.swift */ = {isa = PBXFileReference; lastKnownFileType = sourcecode.swift; path = TestResponseDTO.swift; sourceTree = "<group>"; };
		BDF3B2C02C0C318E00B079C5 /* Responsable.swift */ = {isa = PBXFileReference; lastKnownFileType = sourcecode.swift; path = Responsable.swift; sourceTree = "<group>"; };
		BDF3B2C32C0C436400B079C5 /* MockUrlSession.swift */ = {isa = PBXFileReference; lastKnownFileType = sourcecode.swift; path = MockUrlSession.swift; sourceTree = "<group>"; };
		087346552C0AEBD900534FFA /* AppDIContainer.swift */ = {isa = PBXFileReference; lastKnownFileType = sourcecode.swift; path = AppDIContainer.swift; sourceTree = "<group>"; };
		087346592C0AED6C00534FFA /* AppDIContainerTest.swift */ = {isa = PBXFileReference; lastKnownFileType = sourcecode.swift; path = AppDIContainerTest.swift; sourceTree = "<group>"; };
/* End PBXFileReference section */

/* Begin PBXFrameworksBuildPhase section */
		0873460A2C0AAD2900534FFA /* Frameworks */ = {
			isa = PBXFrameworksBuildPhase;
			buildActionMask = 2147483647;
			files = (
				0873464A2C0AAF7000534FFA /* RxRelay in Frameworks */,
				087346482C0AAF7000534FFA /* RxCocoa in Frameworks */,
				0873464C2C0AAF7000534FFA /* RxSwift in Frameworks */,
				087346452C0AAF1F00534FFA /* SnapKit in Frameworks */,
			);
			runOnlyForDeploymentPostprocessing = 0;
		};
		087346202C0AAD2B00534FFA /* Frameworks */ = {
			isa = PBXFrameworksBuildPhase;
			buildActionMask = 2147483647;
			files = (
			);
			runOnlyForDeploymentPostprocessing = 0;
		};
		0873462A2C0AAD2B00534FFA /* Frameworks */ = {
			isa = PBXFrameworksBuildPhase;
			buildActionMask = 2147483647;
			files = (
			);
			runOnlyForDeploymentPostprocessing = 0;
		};
/* End PBXFrameworksBuildPhase section */

/* Begin PBXGroup section */
		087346042C0AAD2800534FFA = {
			isa = PBXGroup;
			children = (
				0873460F2C0AAD2900534FFA /* PopPool */,
				087346262C0AAD2B00534FFA /* PopPoolTests */,
				087346302C0AAD2B00534FFA /* PopPoolUITests */,
				0873460E2C0AAD2900534FFA /* Products */,
			);
			sourceTree = "<group>";
		};
		0873460E2C0AAD2900534FFA /* Products */ = {
			isa = PBXGroup;
			children = (
				0873460D2C0AAD2900534FFA /* PopPool.app */,
				087346232C0AAD2B00534FFA /* PopPoolTests.xctest */,
				0873462D2C0AAD2B00534FFA /* PopPoolUITests.xctest */,
			);
			name = Products;
			sourceTree = "<group>";
		};
		0873460F2C0AAD2900534FFA /* PopPool */ = {
			isa = PBXGroup;
			children = (
				BDD335092C0B1653002C2295 /* Data */,
				087346402C0AADEC00534FFA /* Application */,
				087346422C0AAE1200534FFA /* Presentation */,
				087346412C0AADFD00534FFA /* Resource */,
			);
			path = PopPool;
			sourceTree = "<group>";
		};
		087346262C0AAD2B00534FFA /* PopPoolTests */ = {
			isa = PBXGroup;
			children = (
				BD6368072C0CBEFE00891A1B /* PopPoolTests.swift */,
				087346582C0AED5A00534FFA /* Application */,
			);      
			path = PopPoolTests;
			sourceTree = "<group>";
		};
		087346302C0AAD2B00534FFA /* PopPoolUITests */ = {
			isa = PBXGroup;
			children = (
				087346312C0AAD2B00534FFA /* PopPoolUITests.swift */,
				087346332C0AAD2B00534FFA /* PopPoolUITestsLaunchTests.swift */,
			);
			path = PopPoolUITests;
			sourceTree = "<group>";
		};
		087346402C0AADEC00534FFA /* Application */ = {
			isa = PBXGroup;
			children = (
				087346102C0AAD2900534FFA /* AppDelegate.swift */,
				087346122C0AAD2900534FFA /* SceneDelegate.swift */,
				087346542C0AEBBA00534FFA /* DIContainer */,
			);
			path = Application;
			sourceTree = "<group>";
		};
		087346412C0AADFD00534FFA /* Resource */ = {
			isa = PBXGroup;
			children = (
				087346192C0AAD2B00534FFA /* Assets.xcassets */,
				0873461B2C0AAD2B00534FFA /* LaunchScreen.storyboard */,
				0873461E2C0AAD2B00534FFA /* Info.plist */,
			);
			path = Resource;
			sourceTree = "<group>";
		};
		087346422C0AAE1200534FFA /* Presentation */ = {
			isa = PBXGroup;
			children = (
				087346532C0ABC7200534FFA /* CodeConvention Sample */,
				0873464F2C0ABC2300534FFA /* Common */,
			);
			path = Presentation;
			sourceTree = "<group>";
		};
		0873464F2C0ABC2300534FFA /* Common */ = {
			isa = PBXGroup;
			children = (
				087346502C0ABC2A00534FFA /* Interfaces */,
			);
			path = Common;
			sourceTree = "<group>";
		};
		087346502C0ABC2A00534FFA /* Interfaces */ = {
			isa = PBXGroup;
			children = (
				087346512C0ABC4B00534FFA /* ViewModel.swift */,
			);
			path = Interfaces;
			sourceTree = "<group>";
		};
		087346532C0ABC7200534FFA /* CodeConvention Sample */ = {
			isa = PBXGroup;
			children = (
				087346142C0AAD2900534FFA /* ViewController.swift */,
				0873464D2C0AB1CA00534FFA /* ViewControllerViewModel.swift */,
			);
			path = "CodeConvention Sample";
			sourceTree = "<group>";
		};

		BD4D31DD2C0C556C00E53195 /* DTO */ = {
			isa = PBXGroup;
			children = (
				BD4D31DF2C0C558400E53195 /* Request */,
				BD4D31DE2C0C557900E53195 /* Response */,
			);
			path = DTO;
			sourceTree = "<group>";
		};
		BD4D31DE2C0C557900E53195 /* Response */ = {
			isa = PBXGroup;
			children = (
				BDF3B2B52C0BF81600B079C5 /* TestResponseDTO.swift */,
			);
			path = Response;
			sourceTree = "<group>";
		};
		BD4D31DF2C0C558400E53195 /* Request */ = {
			isa = PBXGroup;
			children = (
				BDF3B2B32C0BF7B800B079C5 /* TestRequestDTO.swift */,
			);
			path = Request;
			sourceTree = "<group>";
		};
		BDD335092C0B1653002C2295 /* Data */ = {
			isa = PBXGroup;
			children = (
				BDD3350A2C0B1660002C2295 /* Network */,
			);
			path = Data;
			sourceTree = "<group>";
		};
		BDD3350A2C0B1660002C2295 /* Network */ = {
			isa = PBXGroup;
			children = (
				BDF3B2B12C0BF6B300B079C5 /* APIEndpoint.swift */,
				BDF3B2BB2C0BFC3300B079C5 /* Common */,
				BD4D31DD2C0C556C00E53195 /* DTO */,
				BDF3B2BC2C0BFC9900B079C5 /* EndPoint */,
				BDF3B2C22C0C435700B079C5 /* MockTest */,
				BDF3B2BA2C0BFA0C00B079C5 /* Provider */,
			);
			path = Network;
			sourceTree = "<group>";
		};
		BDF3B2BA2C0BFA0C00B079C5 /* Provider */ = {
			isa = PBXGroup;
			children = (
				BDF3B2AB2C0BE68900B079C5 /* URLSessionable.swift */,
				BDF3B2AD2C0BE69700B079C5 /* Provider.swift */,
			);
			path = Provider;
			sourceTree = "<group>";
		};
		BDF3B2BB2C0BFC3300B079C5 /* Common */ = {
			isa = PBXGroup;
			children = (
				BDD335192C0B3AF1002C2295 /* NetworkError.swift */,
			);
			path = Common;
			sourceTree = "<group>";
		};
		BDF3B2BC2C0BFC9900B079C5 /* EndPoint */ = {
			isa = PBXGroup;
			children = (
				BDD3351F2C0B6ACA002C2295 /* EndPoint.swift */,
				BDF3B2A92C0BE23D00B079C5 /* Requestable.swift */,
				BDF3B2C02C0C318E00B079C5 /* Responsable.swift */,
			);
			path = EndPoint;
			sourceTree = "<group>";
		};
		BDF3B2C22C0C435700B079C5 /* MockTest */ = {
			isa = PBXGroup;
			children = (
				BDF3B2C32C0C436400B079C5 /* MockUrlSession.swift */,
			);
			path = MockTest;
		087346542C0AEBBA00534FFA /* DIContainer */ = {
			isa = PBXGroup;
			children = (
				087346552C0AEBD900534FFA /* AppDIContainer.swift */,
			);
			path = DIContainer;
			sourceTree = "<group>";
		};
		087346582C0AED5A00534FFA /* Application */ = {
			isa = PBXGroup;
			children = (
				087346592C0AED6C00534FFA /* AppDIContainerTest.swift */,
			);
			path = Application;
			sourceTree = "<group>";
		};
/* End PBXGroup section */

/* Begin PBXNativeTarget section */
		0873460C2C0AAD2900534FFA /* PopPool */ = {
			isa = PBXNativeTarget;
			buildConfigurationList = 087346372C0AAD2B00534FFA /* Build configuration list for PBXNativeTarget "PopPool" */;
			buildPhases = (
				087346092C0AAD2900534FFA /* Sources */,
				0873460A2C0AAD2900534FFA /* Frameworks */,
				0873460B2C0AAD2900534FFA /* Resources */,
			);
			buildRules = (
			);
			dependencies = (
			);
			name = PopPool;
			packageProductDependencies = (
				087346442C0AAF1F00534FFA /* SnapKit */,
				087346472C0AAF7000534FFA /* RxCocoa */,
				087346492C0AAF7000534FFA /* RxRelay */,
				0873464B2C0AAF7000534FFA /* RxSwift */,
			);
			productName = PopPool;
			productReference = 0873460D2C0AAD2900534FFA /* PopPool.app */;
			productType = "com.apple.product-type.application";
		};
		087346222C0AAD2B00534FFA /* PopPoolTests */ = {
			isa = PBXNativeTarget;
			buildConfigurationList = 0873463A2C0AAD2B00534FFA /* Build configuration list for PBXNativeTarget "PopPoolTests" */;
			buildPhases = (
				0873461F2C0AAD2B00534FFA /* Sources */,
				087346202C0AAD2B00534FFA /* Frameworks */,
				087346212C0AAD2B00534FFA /* Resources */,
			);
			buildRules = (
			);
			dependencies = (
				087346252C0AAD2B00534FFA /* PBXTargetDependency */,
			);
			name = PopPoolTests;
			productName = PopPoolTests;
			productReference = 087346232C0AAD2B00534FFA /* PopPoolTests.xctest */;
			productType = "com.apple.product-type.bundle.unit-test";
		};
		0873462C2C0AAD2B00534FFA /* PopPoolUITests */ = {
			isa = PBXNativeTarget;
			buildConfigurationList = 0873463D2C0AAD2B00534FFA /* Build configuration list for PBXNativeTarget "PopPoolUITests" */;
			buildPhases = (
				087346292C0AAD2B00534FFA /* Sources */,
				0873462A2C0AAD2B00534FFA /* Frameworks */,
				0873462B2C0AAD2B00534FFA /* Resources */,
			);
			buildRules = (
			);
			dependencies = (
				0873462F2C0AAD2B00534FFA /* PBXTargetDependency */,
			);
			name = PopPoolUITests;
			productName = PopPoolUITests;
			productReference = 0873462D2C0AAD2B00534FFA /* PopPoolUITests.xctest */;
			productType = "com.apple.product-type.bundle.ui-testing";
		};
/* End PBXNativeTarget section */

/* Begin PBXProject section */
		087346052C0AAD2800534FFA /* Project object */ = {
			isa = PBXProject;
			attributes = {
				BuildIndependentTargetsInParallel = 1;
				LastSwiftUpdateCheck = 1500;
				LastUpgradeCheck = 1500;
				TargetAttributes = {
					0873460C2C0AAD2900534FFA = {
						CreatedOnToolsVersion = 15.0;
					};
					087346222C0AAD2B00534FFA = {
						CreatedOnToolsVersion = 15.0;
						TestTargetID = 0873460C2C0AAD2900534FFA;
					};
					0873462C2C0AAD2B00534FFA = {
						CreatedOnToolsVersion = 15.0;
						TestTargetID = 0873460C2C0AAD2900534FFA;
					};
				};
			};
			buildConfigurationList = 087346082C0AAD2800534FFA /* Build configuration list for PBXProject "PopPool" */;
			compatibilityVersion = "Xcode 14.0";
			developmentRegion = en;
			hasScannedForEncodings = 0;
			knownRegions = (
				en,
				Base,
			);
			mainGroup = 087346042C0AAD2800534FFA;
			packageReferences = (
				087346432C0AAF1F00534FFA /* XCRemoteSwiftPackageReference "SnapKit" */,
				087346462C0AAF6F00534FFA /* XCRemoteSwiftPackageReference "RxSwift" */,
			);
			productRefGroup = 0873460E2C0AAD2900534FFA /* Products */;
			projectDirPath = "";
			projectRoot = "";
			targets = (
				0873460C2C0AAD2900534FFA /* PopPool */,
				087346222C0AAD2B00534FFA /* PopPoolTests */,
				0873462C2C0AAD2B00534FFA /* PopPoolUITests */,
			);
		};
/* End PBXProject section */

/* Begin PBXResourcesBuildPhase section */
		0873460B2C0AAD2900534FFA /* Resources */ = {
			isa = PBXResourcesBuildPhase;
			buildActionMask = 2147483647;
			files = (
				0873461D2C0AAD2B00534FFA /* LaunchScreen.storyboard in Resources */,
				0873461A2C0AAD2B00534FFA /* Assets.xcassets in Resources */,
			);
			runOnlyForDeploymentPostprocessing = 0;
		};
		087346212C0AAD2B00534FFA /* Resources */ = {
			isa = PBXResourcesBuildPhase;
			buildActionMask = 2147483647;
			files = (
			);
			runOnlyForDeploymentPostprocessing = 0;
		};
		0873462B2C0AAD2B00534FFA /* Resources */ = {
			isa = PBXResourcesBuildPhase;
			buildActionMask = 2147483647;
			files = (
			);
			runOnlyForDeploymentPostprocessing = 0;
		};
/* End PBXResourcesBuildPhase section */

/* Begin PBXSourcesBuildPhase section */
		087346092C0AAD2900534FFA /* Sources */ = {
			isa = PBXSourcesBuildPhase;
			buildActionMask = 2147483647;
			files = (
				087346522C0ABC4B00534FFA /* ViewModel.swift in Sources */,
				BDF3B2B62C0BF81600B079C5 /* TestResponseDTO.swift in Sources */,
				087346152C0AAD2900534FFA /* ViewController.swift in Sources */,
				BDF3B2C12C0C318E00B079C5 /* Responsable.swift in Sources */,
				BDF3B2AA2C0BE23D00B079C5 /* Requestable.swift in Sources */,
				BDF3B2B42C0BF7B800B079C5 /* TestRequestDTO.swift in Sources */,
				087346562C0AEBD900534FFA /* AppDIContainer.swift in Sources */,
				087346112C0AAD2900534FFA /* AppDelegate.swift in Sources */,
				BDF3B2C42C0C436400B079C5 /* MockUrlSession.swift in Sources */,
				0873464E2C0AB1CA00534FFA /* ViewControllerViewModel.swift in Sources */,
				087346132C0AAD2900534FFA /* SceneDelegate.swift in Sources */,
				BDF3B2B22C0BF6B300B079C5 /* APIEndpoint.swift in Sources */,
				BDD3351A2C0B3AF1002C2295 /* NetworkError.swift in Sources */,
				BDF3B2AC2C0BE68900B079C5 /* URLSessionable.swift in Sources */,
				BDF3B2AE2C0BE69700B079C5 /* Provider.swift in Sources */,
				BDD335202C0B6ACA002C2295 /* EndPoint.swift in Sources */,
			);
			runOnlyForDeploymentPostprocessing = 0;
		};
		0873461F2C0AAD2B00534FFA /* Sources */ = {
			isa = PBXSourcesBuildPhase;
			buildActionMask = 2147483647;
			files = (
				BD6368082C0CBEFE00891A1B /* PopPoolTests.swift in Sources */,
				0873465B2C0AEFCF00534FFA /* AppDelegate.swift in Sources */,
				087346572C0AED3400534FFA /* AppDIContainer.swift in Sources */,
				0873465A2C0AED6C00534FFA /* AppDIContainerTest.swift in Sources */,
			);
			runOnlyForDeploymentPostprocessing = 0;
		};
		087346292C0AAD2B00534FFA /* Sources */ = {
			isa = PBXSourcesBuildPhase;
			buildActionMask = 2147483647;
			files = (
				087346342C0AAD2B00534FFA /* PopPoolUITestsLaunchTests.swift in Sources */,
				087346322C0AAD2B00534FFA /* PopPoolUITests.swift in Sources */,
			);
			runOnlyForDeploymentPostprocessing = 0;
		};
/* End PBXSourcesBuildPhase section */

/* Begin PBXTargetDependency section */
		087346252C0AAD2B00534FFA /* PBXTargetDependency */ = {
			isa = PBXTargetDependency;
			target = 0873460C2C0AAD2900534FFA /* PopPool */;
			targetProxy = 087346242C0AAD2B00534FFA /* PBXContainerItemProxy */;
		};
		0873462F2C0AAD2B00534FFA /* PBXTargetDependency */ = {
			isa = PBXTargetDependency;
			target = 0873460C2C0AAD2900534FFA /* PopPool */;
			targetProxy = 0873462E2C0AAD2B00534FFA /* PBXContainerItemProxy */;
		};
/* End PBXTargetDependency section */

/* Begin PBXVariantGroup section */
		0873461B2C0AAD2B00534FFA /* LaunchScreen.storyboard */ = {
			isa = PBXVariantGroup;
			children = (
				0873461C2C0AAD2B00534FFA /* Base */,
			);
			name = LaunchScreen.storyboard;
			sourceTree = "<group>";
		};
/* End PBXVariantGroup section */

/* Begin XCBuildConfiguration section */
		087346352C0AAD2B00534FFA /* Debug */ = {
			isa = XCBuildConfiguration;
			buildSettings = {
				ALWAYS_SEARCH_USER_PATHS = NO;
				ASSETCATALOG_COMPILER_GENERATE_SWIFT_ASSET_SYMBOL_EXTENSIONS = YES;
				CLANG_ANALYZER_NONNULL = YES;
				CLANG_ANALYZER_NUMBER_OBJECT_CONVERSION = YES_AGGRESSIVE;
				CLANG_CXX_LANGUAGE_STANDARD = "gnu++20";
				CLANG_ENABLE_MODULES = YES;
				CLANG_ENABLE_OBJC_ARC = YES;
				CLANG_ENABLE_OBJC_WEAK = YES;
				CLANG_WARN_BLOCK_CAPTURE_AUTORELEASING = YES;
				CLANG_WARN_BOOL_CONVERSION = YES;
				CLANG_WARN_COMMA = YES;
				CLANG_WARN_CONSTANT_CONVERSION = YES;
				CLANG_WARN_DEPRECATED_OBJC_IMPLEMENTATIONS = YES;
				CLANG_WARN_DIRECT_OBJC_ISA_USAGE = YES_ERROR;
				CLANG_WARN_DOCUMENTATION_COMMENTS = YES;
				CLANG_WARN_EMPTY_BODY = YES;
				CLANG_WARN_ENUM_CONVERSION = YES;
				CLANG_WARN_INFINITE_RECURSION = YES;
				CLANG_WARN_INT_CONVERSION = YES;
				CLANG_WARN_NON_LITERAL_NULL_CONVERSION = YES;
				CLANG_WARN_OBJC_IMPLICIT_RETAIN_SELF = YES;
				CLANG_WARN_OBJC_LITERAL_CONVERSION = YES;
				CLANG_WARN_OBJC_ROOT_CLASS = YES_ERROR;
				CLANG_WARN_QUOTED_INCLUDE_IN_FRAMEWORK_HEADER = YES;
				CLANG_WARN_RANGE_LOOP_ANALYSIS = YES;
				CLANG_WARN_STRICT_PROTOTYPES = YES;
				CLANG_WARN_SUSPICIOUS_MOVE = YES;
				CLANG_WARN_UNGUARDED_AVAILABILITY = YES_AGGRESSIVE;
				CLANG_WARN_UNREACHABLE_CODE = YES;
				CLANG_WARN__DUPLICATE_METHOD_MATCH = YES;
				COPY_PHASE_STRIP = NO;
				DEBUG_INFORMATION_FORMAT = dwarf;
				ENABLE_STRICT_OBJC_MSGSEND = YES;
				ENABLE_TESTABILITY = YES;
				ENABLE_USER_SCRIPT_SANDBOXING = YES;
				GCC_C_LANGUAGE_STANDARD = gnu17;
				GCC_DYNAMIC_NO_PIC = NO;
				GCC_NO_COMMON_BLOCKS = YES;
				GCC_OPTIMIZATION_LEVEL = 0;
				GCC_PREPROCESSOR_DEFINITIONS = (
					"DEBUG=1",
					"$(inherited)",
				);
				GCC_WARN_64_TO_32_BIT_CONVERSION = YES;
				GCC_WARN_ABOUT_RETURN_TYPE = YES_ERROR;
				GCC_WARN_UNDECLARED_SELECTOR = YES;
				GCC_WARN_UNINITIALIZED_AUTOS = YES_AGGRESSIVE;
				GCC_WARN_UNUSED_FUNCTION = YES;
				GCC_WARN_UNUSED_VARIABLE = YES;
				IPHONEOS_DEPLOYMENT_TARGET = 17.0;
				LOCALIZATION_PREFERS_STRING_CATALOGS = YES;
				MTL_ENABLE_DEBUG_INFO = INCLUDE_SOURCE;
				MTL_FAST_MATH = YES;
				ONLY_ACTIVE_ARCH = YES;
				SDKROOT = iphoneos;
				SWIFT_ACTIVE_COMPILATION_CONDITIONS = "DEBUG $(inherited)";
				SWIFT_OPTIMIZATION_LEVEL = "-Onone";
			};
			name = Debug;
		};
		087346362C0AAD2B00534FFA /* Release */ = {
			isa = XCBuildConfiguration;
			buildSettings = {
				ALWAYS_SEARCH_USER_PATHS = NO;
				ASSETCATALOG_COMPILER_GENERATE_SWIFT_ASSET_SYMBOL_EXTENSIONS = YES;
				CLANG_ANALYZER_NONNULL = YES;
				CLANG_ANALYZER_NUMBER_OBJECT_CONVERSION = YES_AGGRESSIVE;
				CLANG_CXX_LANGUAGE_STANDARD = "gnu++20";
				CLANG_ENABLE_MODULES = YES;
				CLANG_ENABLE_OBJC_ARC = YES;
				CLANG_ENABLE_OBJC_WEAK = YES;
				CLANG_WARN_BLOCK_CAPTURE_AUTORELEASING = YES;
				CLANG_WARN_BOOL_CONVERSION = YES;
				CLANG_WARN_COMMA = YES;
				CLANG_WARN_CONSTANT_CONVERSION = YES;
				CLANG_WARN_DEPRECATED_OBJC_IMPLEMENTATIONS = YES;
				CLANG_WARN_DIRECT_OBJC_ISA_USAGE = YES_ERROR;
				CLANG_WARN_DOCUMENTATION_COMMENTS = YES;
				CLANG_WARN_EMPTY_BODY = YES;
				CLANG_WARN_ENUM_CONVERSION = YES;
				CLANG_WARN_INFINITE_RECURSION = YES;
				CLANG_WARN_INT_CONVERSION = YES;
				CLANG_WARN_NON_LITERAL_NULL_CONVERSION = YES;
				CLANG_WARN_OBJC_IMPLICIT_RETAIN_SELF = YES;
				CLANG_WARN_OBJC_LITERAL_CONVERSION = YES;
				CLANG_WARN_OBJC_ROOT_CLASS = YES_ERROR;
				CLANG_WARN_QUOTED_INCLUDE_IN_FRAMEWORK_HEADER = YES;
				CLANG_WARN_RANGE_LOOP_ANALYSIS = YES;
				CLANG_WARN_STRICT_PROTOTYPES = YES;
				CLANG_WARN_SUSPICIOUS_MOVE = YES;
				CLANG_WARN_UNGUARDED_AVAILABILITY = YES_AGGRESSIVE;
				CLANG_WARN_UNREACHABLE_CODE = YES;
				CLANG_WARN__DUPLICATE_METHOD_MATCH = YES;
				COPY_PHASE_STRIP = NO;
				DEBUG_INFORMATION_FORMAT = "dwarf-with-dsym";
				ENABLE_NS_ASSERTIONS = NO;
				ENABLE_STRICT_OBJC_MSGSEND = YES;
				ENABLE_USER_SCRIPT_SANDBOXING = YES;
				GCC_C_LANGUAGE_STANDARD = gnu17;
				GCC_NO_COMMON_BLOCKS = YES;
				GCC_WARN_64_TO_32_BIT_CONVERSION = YES;
				GCC_WARN_ABOUT_RETURN_TYPE = YES_ERROR;
				GCC_WARN_UNDECLARED_SELECTOR = YES;
				GCC_WARN_UNINITIALIZED_AUTOS = YES_AGGRESSIVE;
				GCC_WARN_UNUSED_FUNCTION = YES;
				GCC_WARN_UNUSED_VARIABLE = YES;
				IPHONEOS_DEPLOYMENT_TARGET = 17.0;
				LOCALIZATION_PREFERS_STRING_CATALOGS = YES;
				MTL_ENABLE_DEBUG_INFO = NO;
				MTL_FAST_MATH = YES;
				SDKROOT = iphoneos;
				SWIFT_COMPILATION_MODE = wholemodule;
				VALIDATE_PRODUCT = YES;
			};
			name = Release;
		};
		087346382C0AAD2B00534FFA /* Debug */ = {
			isa = XCBuildConfiguration;
			buildSettings = {
				ASSETCATALOG_COMPILER_APPICON_NAME = AppIcon;
				ASSETCATALOG_COMPILER_GLOBAL_ACCENT_COLOR_NAME = AccentColor;
				CODE_SIGN_STYLE = Automatic;
				CURRENT_PROJECT_VERSION = 1;
				DEVELOPMENT_TEAM = 2U86LHQK8Q;
				GENERATE_INFOPLIST_FILE = YES;
				INFOPLIST_FILE = PopPool/Resource/Info.plist;
				INFOPLIST_KEY_UIApplicationSupportsIndirectInputEvents = YES;
				INFOPLIST_KEY_UILaunchStoryboardName = LaunchScreen;
				INFOPLIST_KEY_UISupportedInterfaceOrientations_iPad = "UIInterfaceOrientationPortrait UIInterfaceOrientationPortraitUpsideDown UIInterfaceOrientationLandscapeLeft UIInterfaceOrientationLandscapeRight";
				INFOPLIST_KEY_UISupportedInterfaceOrientations_iPhone = "UIInterfaceOrientationPortrait UIInterfaceOrientationLandscapeLeft UIInterfaceOrientationLandscapeRight";
				LD_RUNPATH_SEARCH_PATHS = (
					"$(inherited)",
					"@executable_path/Frameworks",
				);
				MARKETING_VERSION = 1.0;
				PRODUCT_BUNDLE_IDENTIFIER = com.donggle.PopPool;
				PRODUCT_NAME = "$(TARGET_NAME)";
				SUPPORTED_PLATFORMS = "iphoneos iphonesimulator";
				SUPPORTS_MACCATALYST = NO;
				SUPPORTS_MAC_DESIGNED_FOR_IPHONE_IPAD = NO;
				SWIFT_EMIT_LOC_STRINGS = YES;
				SWIFT_VERSION = 5.0;
				TARGETED_DEVICE_FAMILY = 1;
			};
			name = Debug;
		};
		087346392C0AAD2B00534FFA /* Release */ = {
			isa = XCBuildConfiguration;
			buildSettings = {
				ASSETCATALOG_COMPILER_APPICON_NAME = AppIcon;
				ASSETCATALOG_COMPILER_GLOBAL_ACCENT_COLOR_NAME = AccentColor;
				CODE_SIGN_STYLE = Automatic;
				CURRENT_PROJECT_VERSION = 1;
				DEVELOPMENT_TEAM = 2U86LHQK8Q;
				GENERATE_INFOPLIST_FILE = YES;
				INFOPLIST_FILE = PopPool/Resource/Info.plist;
				INFOPLIST_KEY_UIApplicationSupportsIndirectInputEvents = YES;
				INFOPLIST_KEY_UILaunchStoryboardName = LaunchScreen;
				INFOPLIST_KEY_UISupportedInterfaceOrientations_iPad = "UIInterfaceOrientationPortrait UIInterfaceOrientationPortraitUpsideDown UIInterfaceOrientationLandscapeLeft UIInterfaceOrientationLandscapeRight";
				INFOPLIST_KEY_UISupportedInterfaceOrientations_iPhone = "UIInterfaceOrientationPortrait UIInterfaceOrientationLandscapeLeft UIInterfaceOrientationLandscapeRight";
				LD_RUNPATH_SEARCH_PATHS = (
					"$(inherited)",
					"@executable_path/Frameworks",
				);
				MARKETING_VERSION = 1.0;
				PRODUCT_BUNDLE_IDENTIFIER = com.donggle.PopPool;
				PRODUCT_NAME = "$(TARGET_NAME)";
				SUPPORTED_PLATFORMS = "iphoneos iphonesimulator";
				SUPPORTS_MACCATALYST = NO;
				SUPPORTS_MAC_DESIGNED_FOR_IPHONE_IPAD = NO;
				SWIFT_EMIT_LOC_STRINGS = YES;
				SWIFT_VERSION = 5.0;
				TARGETED_DEVICE_FAMILY = 1;
			};
			name = Release;
		};
		0873463B2C0AAD2B00534FFA /* Debug */ = {
			isa = XCBuildConfiguration;
			buildSettings = {
				ALWAYS_EMBED_SWIFT_STANDARD_LIBRARIES = YES;
				BUNDLE_LOADER = "$(TEST_HOST)";
				CODE_SIGN_STYLE = Automatic;
				CURRENT_PROJECT_VERSION = 1;
				DEVELOPMENT_TEAM = W5QTRMS954;
				GENERATE_INFOPLIST_FILE = YES;
				IPHONEOS_DEPLOYMENT_TARGET = 17.0;
				MARKETING_VERSION = 1.0;
				PRODUCT_BUNDLE_IDENTIFIER = com.donggle.PopPoolTests;
				PRODUCT_NAME = "$(TARGET_NAME)";
				SWIFT_EMIT_LOC_STRINGS = NO;
				SWIFT_VERSION = 5.0;
				TARGETED_DEVICE_FAMILY = "1,2";
				TEST_HOST = "$(BUILT_PRODUCTS_DIR)/PopPool.app/$(BUNDLE_EXECUTABLE_FOLDER_PATH)/PopPool";
			};
			name = Debug;
		};
		0873463C2C0AAD2B00534FFA /* Release */ = {
			isa = XCBuildConfiguration;
			buildSettings = {
				ALWAYS_EMBED_SWIFT_STANDARD_LIBRARIES = YES;
				BUNDLE_LOADER = "$(TEST_HOST)";
				CODE_SIGN_STYLE = Automatic;
				CURRENT_PROJECT_VERSION = 1;
				DEVELOPMENT_TEAM = W5QTRMS954;
				GENERATE_INFOPLIST_FILE = YES;
				IPHONEOS_DEPLOYMENT_TARGET = 17.0;
				MARKETING_VERSION = 1.0;
				PRODUCT_BUNDLE_IDENTIFIER = com.donggle.PopPoolTests;
				PRODUCT_NAME = "$(TARGET_NAME)";
				SWIFT_EMIT_LOC_STRINGS = NO;
				SWIFT_VERSION = 5.0;
				TARGETED_DEVICE_FAMILY = "1,2";
				TEST_HOST = "$(BUILT_PRODUCTS_DIR)/PopPool.app/$(BUNDLE_EXECUTABLE_FOLDER_PATH)/PopPool";
			};
			name = Release;
		};
		0873463E2C0AAD2B00534FFA /* Debug */ = {
			isa = XCBuildConfiguration;
			buildSettings = {
				ALWAYS_EMBED_SWIFT_STANDARD_LIBRARIES = YES;
				CODE_SIGN_STYLE = Automatic;
				CURRENT_PROJECT_VERSION = 1;
				DEVELOPMENT_TEAM = W5QTRMS954;
				GENERATE_INFOPLIST_FILE = YES;
				MARKETING_VERSION = 1.0;
				PRODUCT_BUNDLE_IDENTIFIER = com.donggle.PopPoolUITests;
				PRODUCT_NAME = "$(TARGET_NAME)";
				SWIFT_EMIT_LOC_STRINGS = NO;
				SWIFT_VERSION = 5.0;
				TARGETED_DEVICE_FAMILY = "1,2";
				TEST_TARGET_NAME = PopPool;
			};
			name = Debug;
		};
		0873463F2C0AAD2B00534FFA /* Release */ = {
			isa = XCBuildConfiguration;
			buildSettings = {
				ALWAYS_EMBED_SWIFT_STANDARD_LIBRARIES = YES;
				CODE_SIGN_STYLE = Automatic;
				CURRENT_PROJECT_VERSION = 1;
				DEVELOPMENT_TEAM = W5QTRMS954;
				GENERATE_INFOPLIST_FILE = YES;
				MARKETING_VERSION = 1.0;
				PRODUCT_BUNDLE_IDENTIFIER = com.donggle.PopPoolUITests;
				PRODUCT_NAME = "$(TARGET_NAME)";
				SWIFT_EMIT_LOC_STRINGS = NO;
				SWIFT_VERSION = 5.0;
				TARGETED_DEVICE_FAMILY = "1,2";
				TEST_TARGET_NAME = PopPool;
			};
			name = Release;
		};
/* End XCBuildConfiguration section */

/* Begin XCConfigurationList section */
		087346082C0AAD2800534FFA /* Build configuration list for PBXProject "PopPool" */ = {
			isa = XCConfigurationList;
			buildConfigurations = (
				087346352C0AAD2B00534FFA /* Debug */,
				087346362C0AAD2B00534FFA /* Release */,
			);
			defaultConfigurationIsVisible = 0;
			defaultConfigurationName = Release;
		};
		087346372C0AAD2B00534FFA /* Build configuration list for PBXNativeTarget "PopPool" */ = {
			isa = XCConfigurationList;
			buildConfigurations = (
				087346382C0AAD2B00534FFA /* Debug */,
				087346392C0AAD2B00534FFA /* Release */,
			);
			defaultConfigurationIsVisible = 0;
			defaultConfigurationName = Release;
		};
		0873463A2C0AAD2B00534FFA /* Build configuration list for PBXNativeTarget "PopPoolTests" */ = {
			isa = XCConfigurationList;
			buildConfigurations = (
				0873463B2C0AAD2B00534FFA /* Debug */,
				0873463C2C0AAD2B00534FFA /* Release */,
			);
			defaultConfigurationIsVisible = 0;
			defaultConfigurationName = Release;
		};
		0873463D2C0AAD2B00534FFA /* Build configuration list for PBXNativeTarget "PopPoolUITests" */ = {
			isa = XCConfigurationList;
			buildConfigurations = (
				0873463E2C0AAD2B00534FFA /* Debug */,
				0873463F2C0AAD2B00534FFA /* Release */,
			);
			defaultConfigurationIsVisible = 0;
			defaultConfigurationName = Release;
		};
/* End XCConfigurationList section */

/* Begin XCRemoteSwiftPackageReference section */
		087346432C0AAF1F00534FFA /* XCRemoteSwiftPackageReference "SnapKit" */ = {
			isa = XCRemoteSwiftPackageReference;
			repositoryURL = "https://github.com/SnapKit/SnapKit.git";
			requirement = {
				kind = upToNextMajorVersion;
				minimumVersion = 5.7.1;
			};
		};
		087346462C0AAF6F00534FFA /* XCRemoteSwiftPackageReference "RxSwift" */ = {
			isa = XCRemoteSwiftPackageReference;
			repositoryURL = "https://github.com/ReactiveX/RxSwift";
			requirement = {
				kind = upToNextMajorVersion;
				minimumVersion = 6.7.1;
			};
		};
/* End XCRemoteSwiftPackageReference section */

/* Begin XCSwiftPackageProductDependency section */
		087346442C0AAF1F00534FFA /* SnapKit */ = {
			isa = XCSwiftPackageProductDependency;
			package = 087346432C0AAF1F00534FFA /* XCRemoteSwiftPackageReference "SnapKit" */;
			productName = SnapKit;
		};
		087346472C0AAF7000534FFA /* RxCocoa */ = {
			isa = XCSwiftPackageProductDependency;
			package = 087346462C0AAF6F00534FFA /* XCRemoteSwiftPackageReference "RxSwift" */;
			productName = RxCocoa;
		};
		087346492C0AAF7000534FFA /* RxRelay */ = {
			isa = XCSwiftPackageProductDependency;
			package = 087346462C0AAF6F00534FFA /* XCRemoteSwiftPackageReference "RxSwift" */;
			productName = RxRelay;
		};
		0873464B2C0AAF7000534FFA /* RxSwift */ = {
			isa = XCSwiftPackageProductDependency;
			package = 087346462C0AAF6F00534FFA /* XCRemoteSwiftPackageReference "RxSwift" */;
			productName = RxSwift;
		};
/* End XCSwiftPackageProductDependency section */
	};
	rootObject = 087346052C0AAD2800534FFA /* Project object */;
}
